<?xml version="1.0" encoding="utf-8"?>
<Project ToolsVersion="12.0" xmlns="http://schemas.microsoft.com/developer/msbuild/2003">
  <ItemGroup>
    <ClInclude Include="$(MSBuildThisFileDirectory)targetver.h" />
    <ClInclude Include="$(MSBuildThisFileDirectory)..\..\src\Logger\Logger.h">
      <Filter>Logger</Filter>
    </ClInclude>
    <ClInclude Include="$(MSBuildThisFileDirectory)..\..\src\Objects\ArrayValue.h">
      <Filter>Objects</Filter>
    </ClInclude>
    <ClInclude Include="$(MSBuildThisFileDirectory)..\..\src\Objects\DictValue.h">
      <Filter>Objects</Filter>
    </ClInclude>
    <ClInclude Include="$(MSBuildThisFileDirectory)..\..\src\Objects\json.hpp">
      <Filter>Objects</Filter>
    </ClInclude>
    <ClInclude Include="$(MSBuildThisFileDirectory)..\..\src\Objects\LobbyRef.h">
      <Filter>Objects</Filter>
    </ClInclude>
    <ClInclude Include="$(MSBuildThisFileDirectory)..\..\src\Objects\PrimitiveValue.h">
      <Filter>Objects</Filter>
    </ClInclude>
    <ClInclude Include="$(MSBuildThisFileDirectory)..\..\src\Objects\Value.h">
      <Filter>Objects</Filter>
    </ClInclude>
    <ClInclude Include="$(MSBuildThisFileDirectory)..\..\src\Objects\ValueJson.h">
      <Filter>Objects</Filter>
    </ClInclude>
    <ClInclude Include="$(MSBuildThisFileDirectory)..\..\src\Objects\ValueReader.h">
      <Filter>Objects</Filter>
    </ClInclude>
    <ClInclude Include="$(MSBuildThisFileDirectory)..\..\src\Objects\ValueWriter.h">
      <Filter>Objects</Filter>
    </ClInclude>
    <ClInclude Include="$(MSBuildThisFileDirectory)..\..\src\Socket\TCPClient.h">
      <Filter>Socket</Filter>
    </ClInclude>
    <ClInclude Include="$(MSBuildThisFileDirectory)..\..\src\Socket\NetworkCore.h">
      <Filter>Socket</Filter>
    </ClInclude>
    <ClInclude Include="$(MSBuildThisFileDirectory)..\..\src\Socket\NetworkDefine.h">
      <Filter>Socket</Filter>
    </ClInclude>
    <ClInclude Include="$(MSBuildThisFileDirectory)..\..\src\Socket\SocketAdapter.h">
      <Filter>Socket</Filter>
    </ClInclude>
    <ClInclude Include="$(MSBuildThisFileDirectory)..\..\src\LobbyServer.h" />
  </ItemGroup>
  <ItemGroup>
    <Filter Include="Logger">
      <UniqueIdentifier>{26f62d0e-0734-4150-ba30-5e23b4ba6750}</UniqueIdentifier>
    </Filter>
    <Filter Include="Objects">
      <UniqueIdentifier>{63e632d6-20b3-4124-9d8a-ce74bc476824}</UniqueIdentifier>
    </Filter>
    <Filter Include="Socket">
      <UniqueIdentifier>{6e5bf88f-3ebe-4477-8f31-bfcd67df259c}</UniqueIdentifier>
    </Filter>
  </ItemGroup>
  <ItemGroup>
    <ClCompile Include="$(MSBuildThisFileDirectory)..\..\src\Logger\Logger.cpp">
      <Filter>Logger</Filter>
    </ClCompile>
    <ClCompile Include="$(MSBuildThisFileDirectory)..\..\src\Objects\DictValue.cpp">
      <Filter>Objects</Filter>
    </ClCompile>
    <ClCompile Include="$(MSBuildThisFileDirectory)..\..\src\Objects\LobbyRef.cpp">
      <Filter>Objects</Filter>
    </ClCompile>
    <ClCompile Include="$(MSBuildThisFileDirectory)..\..\src\Objects\PrimitiveValue.cpp">
      <Filter>Objects</Filter>
    </ClCompile>
    <ClCompile Include="$(MSBuildThisFileDirectory)..\..\src\Objects\Value.cpp">
      <Filter>Objects</Filter>
    </ClCompile>
    <ClCompile Include="$(MSBuildThisFileDirectory)..\..\src\Objects\ValueJson.cpp">
      <Filter>Objects</Filter>
    </ClCompile>
    <ClCompile Include="$(MSBuildThisFileDirectory)..\..\src\Objects\ValueReader.cpp">
      <Filter>Objects</Filter>
    </ClCompile>
    <ClCompile Include="$(MSBuildThisFileDirectory)..\..\src\Objects\ValueWriter.cpp">
      <Filter>Objects</Filter>
    </ClCompile>
    <ClCompile Include="$(MSBuildThisFileDirectory)..\..\src\Objects\ArrayValue.cpp">
      <Filter>Objects</Filter>
    </ClCompile>
    <ClCompile Include="$(MSBuildThisFileDirectory)..\..\src\Socket\NetworkCore.cpp">
      <Filter>Socket</Filter>
    </ClCompile>
    <ClCompile Include="$(MSBuildThisFileDirectory)..\..\src\Socket\NetworkDefine.cpp">
      <Filter>Socket</Filter>
    </ClCompile>
    <ClCompile Include="$(MSBuildThisFileDirectory)..\..\src\Socket\SocketAdapter.cpp">
      <Filter>Socket</Filter>
    </ClCompile>
    <ClCompile Include="$(MSBuildThisFileDirectory)..\..\src\Socket\TCPClient.cpp">
      <Filter>Socket</Filter>
    </ClCompile>
  </ItemGroup>
</Project>