<?xml version="1.0" encoding="utf-8"?>
<Project ToolsVersion="4.0" xmlns="http://schemas.microsoft.com/developer/msbuild/2003">
  <ItemGroup>
    <Filter Include="Entities">
      <UniqueIdentifier>{b3e7feb0-f2a1-41b5-bc67-e7c70520756b}</UniqueIdentifier>
    </Filter>
    <Filter Include="Logger">
      <UniqueIdentifier>{16422334-fc35-4331-af8c-909309d0c04a}</UniqueIdentifier>
    </Filter>
    <Filter Include="Socket">
      <UniqueIdentifier>{0a7840a8-54a0-44b3-9642-5e6bdc6880ee}</UniqueIdentifier>
    </Filter>
    <Filter Include="zlib">
      <UniqueIdentifier>{95956675-2127-463a-ac97-a420d9bf83ae}</UniqueIdentifier>
    </Filter>
  </ItemGroup>
  <ItemGroup>
    <ClInclude Include="..\src\SFSServer.h" />
    <ClInclude Include="..\src\Entities\SFSRef.h">
      <Filter>Entities</Filter>
    </ClInclude>
    <ClInclude Include="..\src\Entities\SFSVec3D.h">
      <Filter>Entities</Filter>
    </ClInclude>
    <ClInclude Include="..\src\Entities\BaseMessage.h">
      <Filter>Entities</Filter>
    </ClInclude>
    <ClInclude Include="..\src\Entities\BufferArray.h">
      <Filter>Entities</Filter>
    </ClInclude>
    <ClInclude Include="..\src\Entities\MessageJSON.h">
      <Filter>Entities</Filter>
    </ClInclude>
    <ClInclude Include="..\src\Entities\MessageType.h">
      <Filter>Entities</Filter>
    </ClInclude>
    <ClInclude Include="..\src\Entities\SFSArray.h">
      <Filter>Entities</Filter>
    </ClInclude>
    <ClInclude Include="..\src\Entities\SFSEntity.h">
      <Filter>Entities</Filter>
    </ClInclude>
    <ClInclude Include="..\src\Entities\SFSObject.h">
      <Filter>Entities</Filter>
    </ClInclude>
    <ClInclude Include="..\src\Entities\SFSPrimitive.h">
      <Filter>Entities</Filter>
    </ClInclude>
    <ClInclude Include="..\src\Logger\SFSLogger.h">
      <Filter>Logger</Filter>
    </ClInclude>
    <ClInclude Include="..\src\Socket\NetworkDefine.h">
      <Filter>Socket</Filter>
    </ClInclude>
    <ClInclude Include="..\src\Socket\SFSTcpClient.h">
      <Filter>Socket</Filter>
    </ClInclude>
    <ClInclude Include="..\src\Socket\SocketAdapter.h">
      <Filter>Socket</Filter>
    </ClInclude>
    <ClInclude Include="..\src\Socket\NetworkCore.h">
      <Filter>Socket</Filter>
    </ClInclude>
    <ClInclude Include="..\src\zlib\include\zlib.h">
      <Filter>zlib</Filter>
    </ClInclude>
    <ClInclude Include="..\src\zlib\include\zconf.h">
      <Filter>zlib</Filter>
    </ClInclude>
  </ItemGroup>
  <ItemGroup>
    <ClCompile Include="..\src\Entities\SFSVec3D.cpp">
      <Filter>Entities</Filter>
    </ClCompile>
    <ClCompile Include="..\src\Entities\BaseMessage.cpp">
      <Filter>Entities</Filter>
    </ClCompile>
    <ClCompile Include="..\src\Entities\BufferArray.cpp">
      <Filter>Entities</Filter>
    </ClCompile>
    <ClCompile Include="..\src\Entities\MessageJSON.cpp">
      <Filter>Entities</Filter>
    </ClCompile>
    <ClCompile Include="..\src\Entities\MessageType.cpp">
      <Filter>Entities</Filter>
    </ClCompile>
    <ClCompile Include="..\src\Entities\SFSArray.cpp">
      <Filter>Entities</Filter>
    </ClCompile>
    <ClCompile Include="..\src\Entities\SFSEntity.cpp">
      <Filter>Entities</Filter>
    </ClCompile>
    <ClCompile Include="..\src\Entities\SFSObject.cpp">
      <Filter>Entities</Filter>
    </ClCompile>
    <ClCompile Include="..\src\Entities\SFSPrimitive.cpp">
      <Filter>Entities</Filter>
    </ClCompile>
    <ClCompile Include="..\src\Entities\SFSRef.cpp">
      <Filter>Entities</Filter>
    </ClCompile>
    <ClCompile Include="..\src\Logger\SFSLogger.cpp">
      <Filter>Logger</Filter>
    </ClCompile>
    <ClCompile Include="..\src\Socket\SFSTcpClient.cpp">
      <Filter>Socket</Filter>
    </ClCompile>
    <ClCompile Include="..\src\Socket\SocketAdapter.cpp">
      <Filter>Socket</Filter>
    </ClCompile>
    <ClCompile Include="..\src\Socket\NetworkCore.cpp">
      <Filter>Socket</Filter>
    </ClCompile>
    <ClCompile Include="..\src\Socket\NetworkDefine.cpp">
      <Filter>Socket</Filter>
    </ClCompile>
  </ItemGroup>
</Project>