<?xml version="1.0" encoding="utf-8"?>
<Project ToolsVersion="12.0" xmlns="http://schemas.microsoft.com/developer/msbuild/2003">
  <ItemGroup>
    <CLCompile Include="$(MSBuildThisFileDirectory)App.xaml.cpp" />
    <ClInclude Include="$(MSBuildThisFileDirectory)App.xaml.h" />
    <CLCompile Include="$(MSBuildThisFileDirectory)pch.cpp" />
    <ClInclude Include="$(MSBuildThisFileDirectory)pch.h" />
    <ClCompile Include="$(MSBuildThisFileDirectory)Cocos2dRenderer.cpp" />
    <ClCompile Include="$(MSBuildThisFileDirectory)OpenGLES.cpp" />
    <ClCompile Include="$(MSBuildThisFileDirectory)OpenGLESPage.xaml.cpp" />
    <ClCompile Include="$(MSBuildThisFileDirectory)..\..\Classes\AppDelegate.cpp">
      <Filter>Classes</Filter>
    </ClCompile>
    <ClCompile Include="$(MSBuildThisFileDirectory)..\..\Classes\Action\jsb_quyetnd_action.cpp">
      <Filter>Classes\Action</Filter>
    </ClCompile>
    <ClCompile Include="$(MSBuildThisFileDirectory)..\..\Classes\Action\ActionNumber.cpp">
      <Filter>Classes\Action</Filter>
    </ClCompile>
    <ClCompile Include="$(MSBuildThisFileDirectory)..\..\Classes\Action\ActionShake2D.cpp">
      <Filter>Classes\Action</Filter>
    </ClCompile>
    <ClCompile Include="$(MSBuildThisFileDirectory)..\..\Classes\Action\CustomAction.cpp">
      <Filter>Classes\Action</Filter>
    </ClCompile>
    <ClCompile Include="$(MSBuildThisFileDirectory)..\..\Classes\GameLaucher\ResourceLoader.cpp">
      <Filter>Classes\GameLaucher</Filter>
    </ClCompile>
    <ClCompile Include="$(MSBuildThisFileDirectory)..\..\Classes\GameLaucher\GameLaucher.cpp">
      <Filter>Classes\GameLaucher</Filter>
    </ClCompile>
    <ClCompile Include="$(MSBuildThisFileDirectory)..\..\Classes\GameLaucher\GameResource.cpp">
      <Filter>Classes\GameLaucher</Filter>
    </ClCompile>
    <ClCompile Include="$(MSBuildThisFileDirectory)..\..\Classes\NewGUI\NewTextInput.cpp">
      <Filter>Classes\NewGUI</Filter>
    </ClCompile>
    <ClCompile Include="$(MSBuildThisFileDirectory)..\..\Classes\NewGUI\NewWidget.cpp">
      <Filter>Classes\NewGUI</Filter>
    </ClCompile>
    <ClCompile Include="$(MSBuildThisFileDirectory)..\..\Classes\NewGUI\jsb_quyetnd_newui.cpp">
      <Filter>Classes\NewGUI</Filter>
    </ClCompile>
    <ClCompile Include="$(MSBuildThisFileDirectory)..\..\Classes\NewGUI\NewTableView.cpp">
      <Filter>Classes\NewGUI</Filter>
    </ClCompile>
    <ClCompile Include="$(MSBuildThisFileDirectory)..\..\Classes\NewGUI\NewTextField.cpp">
      <Filter>Classes\NewGUI</Filter>
    </ClCompile>
    <ClCompile Include="$(MSBuildThisFileDirectory)..\..\Classes\Plugin\jsb_quyetnd_facebook_plugin.cpp">
      <Filter>Classes\Plugin</Filter>
    </ClCompile>
    <ClCompile Include="$(MSBuildThisFileDirectory)..\..\Classes\Plugin\jsb_quyetnd_systemplugin.cpp">
      <Filter>Classes\Plugin</Filter>
    </ClCompile>
    <ClCompile Include="$(MSBuildThisFileDirectory)..\..\Classes\Plugin\MD5.cpp">
      <Filter>Classes\Plugin</Filter>
    </ClCompile>
    <ClCompile Include="$(MSBuildThisFileDirectory)..\..\Classes\Plugin\sha1.cpp">
      <Filter>Classes\Plugin</Filter>
    </ClCompile>
    <ClCompile Include="$(MSBuildThisFileDirectory)..\..\Classes\Plugin\SystemPlugin.cpp">
      <Filter>Classes\Plugin</Filter>
    </ClCompile>
    <ClCompile Include="$(MSBuildThisFileDirectory)..\..\Classes\Plugin\UUIDEncrypt.cpp">
      <Filter>Classes\Plugin</Filter>
    </ClCompile>
    <ClCompile Include="$(MSBuildThisFileDirectory)..\..\Classes\Plugin\base64.cpp">
      <Filter>Classes\Plugin</Filter>
    </ClCompile>
    <ClCompile Include="$(MSBuildThisFileDirectory)..\..\Classes\Plugin\CRC32.cpp">
      <Filter>Classes\Plugin</Filter>
    </ClCompile>
    <ClCompile Include="$(MSBuildThisFileDirectory)..\..\Classes\Plugin\crypt_aes.cpp">
      <Filter>Classes\Plugin</Filter>
    </ClCompile>
    <ClCompile Include="$(MSBuildThisFileDirectory)..\..\Classes\Plugin\FacebookPlugin.cpp">
      <Filter>Classes\Plugin</Filter>
    </ClCompile>
    <ClCompile Include="$(MSBuildThisFileDirectory)..\..\Classes\Socket\SmartfoxClient.cpp">
      <Filter>Classes\Socket</Filter>
    </ClCompile>
    <ClCompile Include="$(MSBuildThisFileDirectory)..\..\Classes\Socket\ElectroClient.cpp">
      <Filter>Classes\Socket</Filter>
    </ClCompile>
    <ClCompile Include="$(MSBuildThisFileDirectory)..\..\Classes\Socket\jsb_quyetnd_electro_socket.cpp">
      <Filter>Classes\Socket</Filter>
    </ClCompile>
    <ClCompile Include="$(MSBuildThisFileDirectory)..\..\Classes\Socket\jsb_quyetnd_lobbysocket.cpp">
      <Filter>Classes\Socket</Filter>
    </ClCompile>
    <ClCompile Include="$(MSBuildThisFileDirectory)..\..\Classes\Socket\jsb_quyetnd_sfssocket.cpp">
      <Filter>Classes\Socket</Filter>
    </ClCompile>
    <ClCompile Include="$(MSBuildThisFileDirectory)..\..\Classes\Socket\LobbyClient.cpp">
      <Filter>Classes\Socket</Filter>
    </ClCompile>
    <ClCompile Include="$(MSBuildThisFileDirectory)..\..\Classes\Plugin\ResourcesDownloader.cpp">
      <Filter>Classes\Plugin</Filter>
    </ClCompile>
    <ClCompile Include="$(MSBuildThisFileDirectory)..\..\Classes\Plugin\jsb_quyetnd_resourcedownloader.cpp">
      <Filter>Classes\Plugin</Filter>
    </ClCompile>
  </ItemGroup>
  <ItemGroup>
    <ApplicationDefinition Include="$(MSBuildThisFileDirectory)App.xaml" />
  </ItemGroup>
  <ItemGroup>
    <Filter Include="Classes">
      <UniqueIdentifier>{38ad799c-8c3c-44a2-8e41-516c8f62f556}</UniqueIdentifier>
    </Filter>
    <Filter Include="Classes\Action">
      <UniqueIdentifier>{df72f755-9696-48ab-8e9f-a2770b6aae70}</UniqueIdentifier>
    </Filter>
    <Filter Include="Classes\GameLaucher">
      <UniqueIdentifier>{87d61547-5311-430d-a63b-3961b02c00ef}</UniqueIdentifier>
    </Filter>
    <Filter Include="Classes\NewGUI">
      <UniqueIdentifier>{b57ebf11-f212-4cc7-9dcb-98e8bc34a7fa}</UniqueIdentifier>
    </Filter>
    <Filter Include="Classes\Plugin">
      <UniqueIdentifier>{286aba2c-e40c-4740-8d6b-0e02c716c61a}</UniqueIdentifier>
    </Filter>
    <Filter Include="Classes\Socket">
      <UniqueIdentifier>{2cc43b79-bdf9-49f5-9f34-e6dc4e99f4e1}</UniqueIdentifier>
    </Filter>
  </ItemGroup>
  <ItemGroup>
    <ClInclude Include="$(MSBuildThisFileDirectory)OpenGLES.h" />
    <ClInclude Include="$(MSBuildThisFileDirectory)OpenGLESPage.xaml.h" />
    <ClInclude Include="$(MSBuildThisFileDirectory)..\..\Classes\AppDelegate.h">
      <Filter>Classes</Filter>
    </ClInclude>
    <ClInclude Include="$(MSBuildThisFileDirectory)..\..\Classes\Action\CustomAction.h">
      <Filter>Classes\Action</Filter>
    </ClInclude>
    <ClInclude Include="$(MSBuildThisFileDirectory)..\..\Classes\Action\jsb_quyetnd_action.hpp">
      <Filter>Classes\Action</Filter>
    </ClInclude>
    <ClInclude Include="$(MSBuildThisFileDirectory)..\..\Classes\Action\ActionNumber.h">
      <Filter>Classes\Action</Filter>
    </ClInclude>
    <ClInclude Include="$(MSBuildThisFileDirectory)..\..\Classes\Action\ActionShake2D.h">
      <Filter>Classes\Action</Filter>
    </ClInclude>
    <ClInclude Include="$(MSBuildThisFileDirectory)..\..\Classes\GameLaucher\ResourceLoader.h">
      <Filter>Classes\GameLaucher</Filter>
    </ClInclude>
    <ClInclude Include="$(MSBuildThisFileDirectory)..\..\Classes\GameLaucher\GameLaucher.h">
      <Filter>Classes\GameLaucher</Filter>
    </ClInclude>
    <ClInclude Include="$(MSBuildThisFileDirectory)..\..\Classes\GameLaucher\GameResource.h">
      <Filter>Classes\GameLaucher</Filter>
    </ClInclude>
    <ClInclude Include="$(MSBuildThisFileDirectory)..\..\Classes\NewGUI\NewTextField.h">
      <Filter>Classes\NewGUI</Filter>
    </ClInclude>
    <ClInclude Include="$(MSBuildThisFileDirectory)..\..\Classes\NewGUI\NewTextInput.h">
      <Filter>Classes\NewGUI</Filter>
    </ClInclude>
    <ClInclude Include="$(MSBuildThisFileDirectory)..\..\Classes\NewGUI\NewWidget.h">
      <Filter>Classes\NewGUI</Filter>
    </ClInclude>
    <ClInclude Include="$(MSBuildThisFileDirectory)..\..\Classes\NewGUI\jsb_quyetnd_newui.hpp">
      <Filter>Classes\NewGUI</Filter>
    </ClInclude>
    <ClInclude Include="$(MSBuildThisFileDirectory)..\..\Classes\NewGUI\NewTableView.h">
      <Filter>Classes\NewGUI</Filter>
    </ClInclude>
    <ClInclude Include="$(MSBuildThisFileDirectory)..\..\Classes\Plugin\jsb_quyetnd_facebook_plugin.hpp">
      <Filter>Classes\Plugin</Filter>
    </ClInclude>
    <ClInclude Include="$(MSBuildThisFileDirectory)..\..\Classes\Plugin\jsb_quyetnd_systemplugin.hpp">
      <Filter>Classes\Plugin</Filter>
    </ClInclude>
    <ClInclude Include="$(MSBuildThisFileDirectory)..\..\Classes\Plugin\MD5.h">
      <Filter>Classes\Plugin</Filter>
    </ClInclude>
    <ClInclude Include="$(MSBuildThisFileDirectory)..\..\Classes\Plugin\sha1.h">
      <Filter>Classes\Plugin</Filter>
    </ClInclude>
    <ClInclude Include="$(MSBuildThisFileDirectory)..\..\Classes\Plugin\SystemPlugin.h">
      <Filter>Classes\Plugin</Filter>
    </ClInclude>
    <ClInclude Include="$(MSBuildThisFileDirectory)..\..\Classes\Plugin\UUIDEncrypt.h">
      <Filter>Classes\Plugin</Filter>
    </ClInclude>
    <ClInclude Include="$(MSBuildThisFileDirectory)..\..\Classes\Plugin\base64.h">
      <Filter>Classes\Plugin</Filter>
    </ClInclude>
    <ClInclude Include="$(MSBuildThisFileDirectory)..\..\Classes\Plugin\CRC32.h">
      <Filter>Classes\Plugin</Filter>
    </ClInclude>
    <ClInclude Include="$(MSBuildThisFileDirectory)..\..\Classes\Plugin\crypt_aes.h">
      <Filter>Classes\Plugin</Filter>
    </ClInclude>
    <ClInclude Include="$(MSBuildThisFileDirectory)..\..\Classes\Plugin\FacebookPlugin.h">
      <Filter>Classes\Plugin</Filter>
    </ClInclude>
    <ClInclude Include="$(MSBuildThisFileDirectory)..\..\Classes\Socket\LobbyClient.h">
      <Filter>Classes\Socket</Filter>
    </ClInclude>
    <ClInclude Include="$(MSBuildThisFileDirectory)..\..\Classes\Socket\SmartfoxClient.h">
      <Filter>Classes\Socket</Filter>
    </ClInclude>
    <ClInclude Include="$(MSBuildThisFileDirectory)..\..\Classes\Socket\ElectroClient.h">
      <Filter>Classes\Socket</Filter>
    </ClInclude>
    <ClInclude Include="$(MSBuildThisFileDirectory)..\..\Classes\Socket\jsb_quyetnd_electro_socket.hpp">
      <Filter>Classes\Socket</Filter>
    </ClInclude>
    <ClInclude Include="$(MSBuildThisFileDirectory)..\..\Classes\Socket\jsb_quyetnd_lobbysocket.hpp">
      <Filter>Classes\Socket</Filter>
    </ClInclude>
    <ClInclude Include="$(MSBuildThisFileDirectory)..\..\Classes\Socket\jsb_quyetnd_sfssocket.hpp">
      <Filter>Classes\Socket</Filter>
    </ClInclude>
    <ClInclude Include="$(MSBuildThisFileDirectory)..\..\Classes\Plugin\jsb_quyetnd_resourcedownloader.hpp">
      <Filter>Classes\Plugin</Filter>
    </ClInclude>
    <ClInclude Include="$(MSBuildThisFileDirectory)..\..\Classes\Plugin\ResourcesDownloader.h">
      <Filter>Classes\Plugin</Filter>
    </ClInclude>
  </ItemGroup>
  <ItemGroup>
    <Page Include="$(MSBuildThisFileDirectory)OpenGLESPage.xaml" />
  </ItemGroup>
</Project>